// !$*UTF8*$!
{
	archiveVersion = 1;
	classes = {
	};
	objectVersion = 46;
	objects = {

/* Begin PBXBuildFile section */
		2F1B70981AE875E000D42C82 /* main.m in Sources */ = {isa = PBXBuildFile; fileRef = 2F1B70971AE875E000D42C82 /* main.m */; };
		2F1B709B1AE875E000D42C82 /* AppDelegate.m in Sources */ = {isa = PBXBuildFile; fileRef = 2F1B709A1AE875E000D42C82 /* AppDelegate.m */; };
		2F1B709E1AE875E100D42C82 /* ViewController.m in Sources */ = {isa = PBXBuildFile; fileRef = 2F1B709D1AE875E100D42C82 /* ViewController.m */; };
		2F1B70A11AE875E100D42C82 /* Main.storyboard in Resources */ = {isa = PBXBuildFile; fileRef = 2F1B709F1AE875E100D42C82 /* Main.storyboard */; };
		2F1B70A31AE875E100D42C82 /* Images.xcassets in Resources */ = {isa = PBXBuildFile; fileRef = 2F1B70A21AE875E100D42C82 /* Images.xcassets */; };
		2F1B70A61AE875E100D42C82 /* LaunchScreen.xib in Resources */ = {isa = PBXBuildFile; fileRef = 2F1B70A41AE875E100D42C82 /* LaunchScreen.xib */; };
		2F1B70C81AE87A0600D42C82 /* UIView+KeyboardObserver.m in Sources */ = {isa = PBXBuildFile; fileRef = 2F1B70C71AE87A0600D42C82 /* UIView+KeyboardObserver.m */; };
		2F1B70CA1AE9CB6100D42C82 /* DDKeyboardObserver.podspec in Resources */ = {isa = PBXBuildFile; fileRef = 2F1B70C91AE9CB6100D42C82 /* DDKeyboardObserver.podspec */; };
/* End PBXBuildFile section */

/* Begin PBXFileReference section */
		2F1B70921AE875E000D42C82 /* DDKeyboardObserver.app */ = {isa = PBXFileReference; explicitFileType = wrapper.application; includeInIndex = 0; path = DDKeyboardObserver.app; sourceTree = BUILT_PRODUCTS_DIR; };
		2F1B70961AE875E000D42C82 /* Info.plist */ = {isa = PBXFileReference; lastKnownFileType = text.plist.xml; path = Info.plist; sourceTree = "<group>"; };
		2F1B70971AE875E000D42C82 /* main.m */ = {isa = PBXFileReference; lastKnownFileType = sourcecode.c.objc; path = main.m; sourceTree = "<group>"; };
		2F1B70991AE875E000D42C82 /* AppDelegate.h */ = {isa = PBXFileReference; lastKnownFileType = sourcecode.c.h; path = AppDelegate.h; sourceTree = "<group>"; };
		2F1B709A1AE875E000D42C82 /* AppDelegate.m */ = {isa = PBXFileReference; lastKnownFileType = sourcecode.c.objc; path = AppDelegate.m; sourceTree = "<group>"; };
		2F1B709C1AE875E100D42C82 /* ViewController.h */ = {isa = PBXFileReference; lastKnownFileType = sourcecode.c.h; path = ViewController.h; sourceTree = "<group>"; };
		2F1B709D1AE875E100D42C82 /* ViewController.m */ = {isa = PBXFileReference; lastKnownFileType = sourcecode.c.objc; path = ViewController.m; sourceTree = "<group>"; };
		2F1B70A01AE875E100D42C82 /* Base */ = {isa = PBXFileReference; lastKnownFileType = file.storyboard; name = Base; path = Base.lproj/Main.storyboard; sourceTree = "<group>"; };
		2F1B70A21AE875E100D42C82 /* Images.xcassets */ = {isa = PBXFileReference; lastKnownFileType = folder.assetcatalog; path = Images.xcassets; sourceTree = "<group>"; };
		2F1B70A51AE875E100D42C82 /* Base */ = {isa = PBXFileReference; lastKnownFileType = file.xib; name = Base; path = Base.lproj/LaunchScreen.xib; sourceTree = "<group>"; };
		2F1B70C61AE87A0600D42C82 /* UIView+KeyboardObserver.h */ = {isa = PBXFileReference; fileEncoding = 4; lastKnownFileType = sourcecode.c.h; path = "UIView+KeyboardObserver.h"; sourceTree = "<group>"; };
		2F1B70C71AE87A0600D42C82 /* UIView+KeyboardObserver.m */ = {isa = PBXFileReference; fileEncoding = 4; lastKnownFileType = sourcecode.c.objc; path = "UIView+KeyboardObserver.m"; sourceTree = "<group>"; };
		2F1B70C91AE9CB6100D42C82 /* DDKeyboardObserver.podspec */ = {isa = PBXFileReference; fileEncoding = 4; lastKnownFileType = text; path = DDKeyboardObserver.podspec; sourceTree = "<group>"; };
/* End PBXFileReference section */

/* Begin PBXFrameworksBuildPhase section */
		2F1B708F1AE875E000D42C82 /* Frameworks */ = {
			isa = PBXFrameworksBuildPhase;
			buildActionMask = 2147483647;
			files = (
			);
			runOnlyForDeploymentPostprocessing = 0;
		};
/* End PBXFrameworksBuildPhase section */

/* Begin PBXGroup section */
		2F1B70891AE875E000D42C82 = {
			isa = PBXGroup;
			children = (
				2F1B70C91AE9CB6100D42C82 /* DDKeyboardObserver.podspec */,
				2F1B70941AE875E000D42C82 /* DDKeyboardObserver */,
				2F1B70931AE875E000D42C82 /* Products */,
			);
			sourceTree = "<group>";
		};
		2F1B70931AE875E000D42C82 /* Products */ = {
			isa = PBXGroup;
			children = (
				2F1B70921AE875E000D42C82 /* DDKeyboardObserver.app */,
			);
			name = Products;
			sourceTree = "<group>";
		};
		2F1B70941AE875E000D42C82 /* DDKeyboardObserver */ = {
			isa = PBXGroup;
			children = (
				2F1B70C51AE87A0600D42C82 /* KeyboardObserver */,
				2F1B70991AE875E000D42C82 /* AppDelegate.h */,
				2F1B709A1AE875E000D42C82 /* AppDelegate.m */,
				2F1B709C1AE875E100D42C82 /* ViewController.h */,
				2F1B709D1AE875E100D42C82 /* ViewController.m */,
				2F1B709F1AE875E100D42C82 /* Main.storyboard */,
				2F1B70A21AE875E100D42C82 /* Images.xcassets */,
				2F1B70A41AE875E100D42C82 /* LaunchScreen.xib */,
				2F1B70951AE875E000D42C82 /* Supporting Files */,
			);
			path = DDKeyboardObserver;
			sourceTree = "<group>";
		};
		2F1B70951AE875E000D42C82 /* Supporting Files */ = {
			isa = PBXGroup;
			children = (
				2F1B70961AE875E000D42C82 /* Info.plist */,
				2F1B70971AE875E000D42C82 /* main.m */,
			);
			name = "Supporting Files";
			sourceTree = "<group>";
		};
		2F1B70C51AE87A0600D42C82 /* KeyboardObserver */ = {
			isa = PBXGroup;
			children = (
				2F1B70C61AE87A0600D42C82 /* UIView+KeyboardObserver.h */,
				2F1B70C71AE87A0600D42C82 /* UIView+KeyboardObserver.m */,
			);
			path = KeyboardObserver;
			sourceTree = "<group>";
		};
/* End PBXGroup section */

/* Begin PBXNativeTarget section */
		2F1B70911AE875E000D42C82 /* DDKeyboardObserver */ = {
			isa = PBXNativeTarget;
			buildConfigurationList = 2F1B70B51AE875E100D42C82 /* Build configuration list for PBXNativeTarget "DDKeyboardObserver" */;
			buildPhases = (
				2F1B708E1AE875E000D42C82 /* Sources */,
				2F1B708F1AE875E000D42C82 /* Frameworks */,
				2F1B70901AE875E000D42C82 /* Resources */,
			);
			buildRules = (
			);
			dependencies = (
			);
			name = DDKeyboardObserver;
			productName = DDKeyboardHandler;
			productReference = 2F1B70921AE875E000D42C82 /* DDKeyboardObserver.app */;
			productType = "com.apple.product-type.application";
		};
/* End PBXNativeTarget section */

/* Begin PBXProject section */
		2F1B708A1AE875E000D42C82 /* Project object */ = {
			isa = PBXProject;
			attributes = {
				LastUpgradeCheck = 0630;
				ORGANIZATIONNAME = DDKit;
				TargetAttributes = {
					2F1B70911AE875E000D42C82 = {
						CreatedOnToolsVersion = 6.3;
					};
				};
			};
			buildConfigurationList = 2F1B708D1AE875E000D42C82 /* Build configuration list for PBXProject "DDKeyboardObserver" */;
			compatibilityVersion = "Xcode 3.2";
			developmentRegion = English;
			hasScannedForEncodings = 0;
			knownRegions = (
				en,
				Base,
			);
			mainGroup = 2F1B70891AE875E000D42C82;
			productRefGroup = 2F1B70931AE875E000D42C82 /* Products */;
			projectDirPath = "";
			projectRoot = "";
			targets = (
				2F1B70911AE875E000D42C82 /* DDKeyboardObserver */,
			);
		};
/* End PBXProject section */

/* Begin PBXResourcesBuildPhase section */
		2F1B70901AE875E000D42C82 /* Resources */ = {
			isa = PBXResourcesBuildPhase;
			buildActionMask = 2147483647;
			files = (
				2F1B70A11AE875E100D42C82 /* Main.storyboard in Resources */,
				2F1B70A61AE875E100D42C82 /* LaunchScreen.xib in Resources */,
				2F1B70A31AE875E100D42C82 /* Images.xcassets in Resources */,
				2F1B70CA1AE9CB6100D42C82 /* DDKeyboardObserver.podspec in Resources */,
			);
			runOnlyForDeploymentPostprocessing = 0;
		};
/* End PBXResourcesBuildPhase section */

/* Begin PBXSourcesBuildPhase section */
		2F1B708E1AE875E000D42C82 /* Sources */ = {
			isa = PBXSourcesBuildPhase;
			buildActionMask = 2147483647;
			files = (
				2F1B709E1AE875E100D42C82 /* ViewController.m in Sources */,
				2F1B709B1AE875E000D42C82 /* AppDelegate.m in Sources */,
				2F1B70C81AE87A0600D42C82 /* UIView+KeyboardObserver.m in Sources */,
				2F1B70981AE875E000D42C82 /* main.m in Sources */,
			);
			runOnlyForDeploymentPostprocessing = 0;
		};
/* End PBXSourcesBuildPhase section */

/* Begin PBXVariantGroup section */
		2F1B709F1AE875E100D42C82 /* Main.storyboard */ = {
			isa = PBXVariantGroup;
			children = (
				2F1B70A01AE875E100D42C82 /* Base */,
			);
			name = Main.storyboard;
			sourceTree = "<group>";
		};
		2F1B70A41AE875E100D42C82 /* LaunchScreen.xib */ = {
			isa = PBXVariantGroup;
			children = (
				2F1B70A51AE875E100D42C82 /* Base */,
			);
			name = LaunchScreen.xib;
			sourceTree = "<group>";
		};
/* End PBXVariantGroup section */

/* Begin XCBuildConfiguration section */
		2F1B70B31AE875E100D42C82 /* Debug */ = {
			isa = XCBuildConfiguration;
			buildSettings = {
				ALWAYS_SEARCH_USER_PATHS = NO;
				CLANG_CXX_LANGUAGE_STANDARD = "gnu++0x";
				CLANG_CXX_LIBRARY = "libc++";
				CLANG_ENABLE_MODULES = YES;
				CLANG_ENABLE_OBJC_ARC = YES;
				CLANG_WARN_BOOL_CONVERSION = YES;
				CLANG_WARN_CONSTANT_CONVERSION = YES;
				CLANG_WARN_DIRECT_OBJC_ISA_USAGE = YES_ERROR;
				CLANG_WARN_EMPTY_BODY = YES;
				CLANG_WARN_ENUM_CONVERSION = YES;
				CLANG_WARN_INT_CONVERSION = YES;
				CLANG_WARN_OBJC_ROOT_CLASS = YES_ERROR;
				CLANG_WARN_UNREACHABLE_CODE = YES;
				CLANG_WARN__DUPLICATE_METHOD_MATCH = YES;
				"CODE_SIGN_IDENTITY[sdk=iphoneos*]" = "iPhone Developer";
				COPY_PHASE_STRIP = NO;
				DEBUG_INFORMATION_FORMAT = "dwarf-with-dsym";
				ENABLE_STRICT_OBJC_MSGSEND = YES;
				GCC_C_LANGUAGE_STANDARD = gnu99;
				GCC_DYNAMIC_NO_PIC = NO;
				GCC_NO_COMMON_BLOCKS = YES;
				GCC_OPTIMIZATION_LEVEL = 0;
				GCC_PREPROCESSOR_DEFINITIONS = (
					"DEBUG=1",
					"$(inherited)",
				);
				GCC_SYMBOLS_PRIVATE_EXTERN = NO;
				GCC_WARN_64_TO_32_BIT_CONVERSION = YES;
				GCC_WARN_ABOUT_RETURN_TYPE = YES_ERROR;
				GCC_WARN_UNDECLARED_SELECTOR = YES;
				GCC_WARN_UNINITIALIZED_AUTOS = YES_AGGRESSIVE;
				GCC_WARN_UNUSED_FUNCTION = YES;
				GCC_WARN_UNUSED_VARIABLE = YES;
				IPHONEOS_DEPLOYMENT_TARGET = 6.0;
				MTL_ENABLE_DEBUG_INFO = YES;
				ONLY_ACTIVE_ARCH = YES;
				SDKROOT = iphoneos;
			};
			name = Debug;
		};
		2F1B70B41AE875E100D42C82 /* Release */ = {
			isa = XCBuildConfiguration;
			buildSettings = {
				ALWAYS_SEARCH_USER_PATHS = NO;
				CLANG_CXX_LANGUAGE_STANDARD = "gnu++0x";
				CLANG_CXX_LIBRARY = "libc++";
				CLANG_ENABLE_MODULES = YES;
				CLANG_ENABLE_OBJC_ARC = YES;
				CLANG_WARN_BOOL_CONVERSION = YES;
				CLANG_WARN_CONSTANT_CONVERSION = YES;
				CLANG_WARN_DIRECT_OBJC_ISA_USAGE = YES_ERROR;
				CLANG_WARN_EMPTY_BODY = YES;
				CLANG_WARN_ENUM_CONVERSION = YES;
				CLANG_WARN_INT_CONVERSION = YES;
				CLANG_WARN_OBJC_ROOT_CLASS = YES_ERROR;
				CLANG_WARN_UNREACHABLE_CODE = YES;
				CLANG_WARN__DUPLICATE_METHOD_MATCH = YES;
				"CODE_SIGN_IDENTITY[sdk=iphoneos*]" = "iPhone Developer";
				COPY_PHASE_STRIP = NO;
				DEBUG_INFORMATION_FORMAT = "dwarf-with-dsym";
				ENABLE_NS_ASSERTIONS = NO;
				ENABLE_STRICT_OBJC_MSGSEND = YES;
				GCC_C_LANGUAGE_STANDARD = gnu99;
				GCC_NO_COMMON_BLOCKS = YES;
				GCC_WARN_64_TO_32_BIT_CONVERSION = YES;
				GCC_WARN_ABOUT_RETURN_TYPE = YES_ERROR;
				GCC_WARN_UNDECLARED_SELECTOR = YES;
				GCC_WARN_UNINITIALIZED_AUTOS = YES_AGGRESSIVE;
				GCC_WARN_UNUSED_FUNCTION = YES;
				GCC_WARN_UNUSED_VARIABLE = YES;
				IPHONEOS_DEPLOYMENT_TARGET = 6.0;
				MTL_ENABLE_DEBUG_INFO = NO;
				SDKROOT = iphoneos;
				VALIDATE_PRODUCT = YES;
			};
			name = Release;
		};
		2F1B70B61AE875E100D42C82 /* Debug */ = {
			isa = XCBuildConfiguration;
			buildSettings = {
				ASSETCATALOG_COMPILER_APPICON_NAME = AppIcon;
				INFOPLIST_FILE = "$(SRCROOT)/DDKeyboardObserver/Info.plist";
				IPHONEOS_DEPLOYMENT_TARGET = 6.0;
				LD_RUNPATH_SEARCH_PATHS = "$(inherited) @executable_path/Frameworks";
				PRODUCT_NAME = DDKeyboardObserver;
			};
			name = Debug;
		};
		2F1B70B71AE875E100D42C82 /* Release */ = {
			isa = XCBuildConfiguration;
			buildSettings = {
				ASSETCATALOG_COMPILER_APPICON_NAME = AppIcon;
				INFOPLIST_FILE = "$(SRCROOT)/DDKeyboardObserver/Info.plist";
				IPHONEOS_DEPLOYMENT_TARGET = 6.0;
				LD_RUNPATH_SEARCH_PATHS = "$(inherited) @executable_path/Frameworks";
				PRODUCT_NAME = DDKeyboardObserver;
			};
			name = Release;
		};
/* End XCBuildConfiguration section */

/* Begin XCConfigurationList section */
		2F1B708D1AE875E000D42C82 /* Build configuration list for PBXProject "DDKeyboardObserver" */ = {
			isa = XCConfigurationList;
			buildConfigurations = (
				2F1B70B31AE875E100D42C82 /* Debug */,
				2F1B70B41AE875E100D42C82 /* Release */,
			);
			defaultConfigurationIsVisible = 0;
			defaultConfigurationName = Release;
		};
		2F1B70B51AE875E100D42C82 /* Build configuration list for PBXNativeTarget "DDKeyboardObserver" */ = {
			isa = XCConfigurationList;
			buildConfigurations = (
				2F1B70B61AE875E100D42C82 /* Debug */,
				2F1B70B71AE875E100D42C82 /* Release */,
			);
			defaultConfigurationIsVisible = 0;
			defaultConfigurationName = Release;
		};
/* End XCConfigurationList section */
	};
	rootObject = 2F1B708A1AE875E000D42C82 /* Project object */;
}
